
Microsoft Visual Studio Solution File, Format Version 12.00
# Visual Studio 15
Project("{FAE04EC0-301F-11D3-BF4B-00C04F79EFBC}") = "Assembly-CSharp-firstpass", "Assembly-CSharp-firstpass.csproj", "{3C28F94E-B430-3EA9-2446-DA34636B3F32}"
EndProject
Project("{FAE04EC0-301F-11D3-BF4B-00C04F79EFBC}") = "Assembly-CSharp", "Assembly-CSharp.csproj", "{5B082C8F-2A56-9C02-3130-9C2FB90DC698}"
EndProject
Project("{FAE04EC0-301F-11D3-BF4B-00C04F79EFBC}") = "Assembly-CSharp-Editor-firstpass", "Assembly-CSharp-Editor-firstpass.csproj", "{0FC07BC6-A0EA-BE80-8098-C0F8CC2B5E2B}"
EndProject
Project("{FAE04EC0-301F-11D3-BF4B-00C04F79EFBC}") = "Assembly-CSharp-Editor", "Assembly-CSharp-Editor.csproj", "{4A9FB2C5-2C51-76EB-0836-9D4F0E3C2354}"
EndProject
Project("{FAE04EC0-301F-11D3-BF4B-00C04F79EFBC}") = "AimingRig", "AimingRig.csproj", "{4CA2F363-A257-8C36-2ADB-5C03F32A6D54}"
EndProject
Global
	GlobalSection(SolutionConfigurationPlatforms) = preSolution
		Debug|Any CPU = Debug|Any CPU
		Release|Any CPU = Release|Any CPU
	EndGlobalSection
	GlobalSection(ProjectConfigurationPlatforms) = postSolution
		{3C28F94E-B430-3EA9-2446-DA34636B3F32}.Debug|Any CPU.ActiveCfg = Debug|Any CPU
		{3C28F94E-B430-3EA9-2446-DA34636B3F32}.Debug|Any CPU.Build.0 = Debug|Any CPU
		{3C28F94E-B430-3EA9-2446-DA34636B3F32}.Release|Any CPU.ActiveCfg = Release|Any CPU
		{3C28F94E-B430-3EA9-2446-DA34636B3F32}.Release|Any CPU.Build.0 = Release|Any CPU
		{5B082C8F-2A56-9C02-3130-9C2FB90DC698}.Debug|Any CPU.ActiveCfg = Debug|Any CPU
		{5B082C8F-2A56-9C02-3130-9C2FB90DC698}.Debug|Any CPU.Build.0 = Debug|Any CPU
		{5B082C8F-2A56-9C02-3130-9C2FB90DC698}.Release|Any CPU.ActiveCfg = Release|Any CPU
		{5B082C8F-2A56-9C02-3130-9C2FB90DC698}.Release|Any CPU.Build.0 = Release|Any CPU
		{0FC07BC6-A0EA-BE80-8098-C0F8CC2B5E2B}.Debug|Any CPU.ActiveCfg = Debug|Any CPU
		{0FC07BC6-A0EA-BE80-8098-C0F8CC2B5E2B}.Debug|Any CPU.Build.0 = Debug|Any CPU
		{0FC07BC6-A0EA-BE80-8098-C0F8CC2B5E2B}.Release|Any CPU.ActiveCfg = Release|Any CPU
		{0FC07BC6-A0EA-BE80-8098-C0F8CC2B5E2B}.Release|Any CPU.Build.0 = Release|Any CPU
		{4A9FB2C5-2C51-76EB-0836-9D4F0E3C2354}.Debug|Any CPU.ActiveCfg = Debug|Any CPU
		{4A9FB2C5-2C51-76EB-0836-9D4F0E3C2354}.Debug|Any CPU.Build.0 = Debug|Any CPU
		{4A9FB2C5-2C51-76EB-0836-9D4F0E3C2354}.Release|Any CPU.ActiveCfg = Release|Any CPU
		{4A9FB2C5-2C51-76EB-0836-9D4F0E3C2354}.Release|Any CPU.Build.0 = Release|Any CPU
		{4CA2F363-A257-8C36-2ADB-5C03F32A6D54}.Debug|Any CPU.ActiveCfg = Debug|Any CPU
		{4CA2F363-A257-8C36-2ADB-5C03F32A6D54}.Debug|Any CPU.Build.0 = Debug|Any CPU
		{4CA2F363-A257-8C36-2ADB-5C03F32A6D54}.Release|Any CPU.ActiveCfg = Release|Any CPU
		{4CA2F363-A257-8C36-2ADB-5C03F32A6D54}.Release|Any CPU.Build.0 = Release|Any CPU
	EndGlobalSection
	GlobalSection(SolutionProperties) = preSolution
		HideSolutionNode = FALSE
	EndGlobalSection
EndGlobal
